
Microsoft Visual Studio Solution File, Format Version 12.00
Project("{FAE04EC0-301F-11D3-BF4B-00C04F79EFBC}") = "SeeAsWee.Core", "SeeAsWee.Core\SeeAsWee.Core.csproj", "{75C17CE2-5508-4CD1-8A6B-9944D99AC0E9}"
EndProject
Project("{FAE04EC0-301F-11D3-BF4B-00C04F79EFBC}") = "SeeAsWee.Tests", "SeeAsWee.Tests\SeeAsWee.Tests.csproj", "{9FC55E2F-6A3C-431C-AAB6-E527D85B700C}"
EndProject
Global
	GlobalSection(SolutionConfigurationPlatforms) = preSolution
		Debug|Any CPU = Debug|Any CPU
		Release|Any CPU = Release|Any CPU
	EndGlobalSection
	GlobalSection(ProjectConfigurationPlatforms) = postSolution
		{75C17CE2-5508-4CD1-8A6B-9944D99AC0E9}.Debug|Any CPU.ActiveCfg = Debug|Any CPU
		{75C17CE2-5508-4CD1-8A6B-9944D99AC0E9}.Debug|Any CPU.Build.0 = Debug|Any CPU
		{75C17CE2-5508-4CD1-8A6B-9944D99AC0E9}.Release|Any CPU.ActiveCfg = Release|Any CPU
		{75C17CE2-5508-4CD1-8A6B-9944D99AC0E9}.Release|Any CPU.Build.0 = Release|Any CPU
		{9FC55E2F-6A3C-431C-AAB6-E527D85B700C}.Debug|Any CPU.ActiveCfg = Debug|Any CPU
		{9FC55E2F-6A3C-431C-AAB6-E527D85B700C}.Debug|Any CPU.Build.0 = Debug|Any CPU
		{9FC55E2F-6A3C-431C-AAB6-E527D85B700C}.Release|Any CPU.ActiveCfg = Release|Any CPU
		{9FC55E2F-6A3C-431C-AAB6-E527D85B700C}.Release|Any CPU.Build.0 = Release|Any CPU
	EndGlobalSection
EndGlobal
